
Microsoft Visual Studio Solution File, Format Version 12.00
# Visual Studio Version 17
VisualStudioVersion = 17.0.31919.166
MinimumVisualStudioVersion = 10.0.40219.1
Project("{9A19103F-16F7-4668-BE54-9A1E7A4F7556}") = "TestxUnit", "TestxUnit.csproj", "{F6A5443E-23C0-4C27-8DE8-49B1038BAF67}"
EndProject
Global
	GlobalSection(SolutionConfigurationPlatforms) = preSolution
		Debug|Any CPU = Debug|Any CPU
		Release|Any CPU = Release|Any CPU
	EndGlobalSection
	GlobalSection(ProjectConfigurationPlatforms) = postSolution
		{F6A5443E-23C0-4C27-8DE8-49B1038BAF67}.Debug|Any CPU.ActiveCfg = Debug|Any CPU
		{F6A5443E-23C0-4C27-8DE8-49B1038BAF67}.Debug|Any CPU.Build.0 = Debug|Any CPU
		{F6A5443E-23C0-4C27-8DE8-49B1038BAF67}.Release|Any CPU.ActiveCfg = Release|Any CPU
		{F6A5443E-23C0-4C27-8DE8-49B1038BAF67}.Release|Any CPU.Build.0 = Release|Any CPU
	EndGlobalSection
	GlobalSection(SolutionProperties) = preSolution
		HideSolutionNode = FALSE
	EndGlobalSection
	GlobalSection(ExtensibilityGlobals) = postSolution
		SolutionGuid = {C544BDF1-B264-407E-A3A5-C93F222953DA}
	EndGlobalSection
EndGlobal
